
Microsoft Visual Studio Solution File, Format Version 12.00
# Visual Studio Version 17
VisualStudioVersion = 17.4.33205.214
MinimumVisualStudioVersion = 10.0.40219.1
Project("{FAE04EC0-301F-11D3-BF4B-00C04F79EFBC}") = "AT89s52Programmer", "AT89s52Programmer\AT89s52Programmer.csproj", "{F641D2DF-64FE-4937-917E-ECED92562393}"
EndProject
Global
	GlobalSection(SolutionConfigurationPlatforms) = preSolution
		Debug|Any CPU = Debug|Any CPU
		Release|Any CPU = Release|Any CPU
	EndGlobalSection
	GlobalSection(ProjectConfigurationPlatforms) = postSolution
		{F641D2DF-64FE-4937-917E-ECED92562393}.Debug|Any CPU.ActiveCfg = Debug|Any CPU
		{F641D2DF-64FE-4937-917E-ECED92562393}.Debug|Any CPU.Build.0 = Debug|Any CPU
		{F641D2DF-64FE-4937-917E-ECED92562393}.Release|Any CPU.ActiveCfg = Release|Any CPU
		{F641D2DF-64FE-4937-917E-ECED92562393}.Release|Any CPU.Build.0 = Release|Any CPU
	EndGlobalSection
	GlobalSection(SolutionProperties) = preSolution
		HideSolutionNode = FALSE
	EndGlobalSection
	GlobalSection(ExtensibilityGlobals) = postSolution
		SolutionGuid = {C74A4047-8BF2-4AA5-8994-35586E6F266C}
	EndGlobalSection
EndGlobal
